// !$*UTF8*$!
{
	archiveVersion = 1;
	classes = {
	};
	objectVersion = 56;
	objects = {

/* Begin PBXBuildFile section */
		841A63912C63FE2B00ECB1F3 /* AppDelegate.swift in Sources */ = {isa = PBXBuildFile; fileRef = 841A63902C63FE2B00ECB1F3 /* AppDelegate.swift */; };
		841A63932C63FE2B00ECB1F3 /* SceneDelegate.swift in Sources */ = {isa = PBXBuildFile; fileRef = 841A63922C63FE2B00ECB1F3 /* SceneDelegate.swift */; };
		841A639B2C63FE2B00ECB1F3 /* spar_intern_ios.xcdatamodeld in Sources */ = {isa = PBXBuildFile; fileRef = 841A63992C63FE2B00ECB1F3 /* spar_intern_ios.xcdatamodeld */; };
		841A639D2C63FE2F00ECB1F3 /* Icons.xcassets in Resources */ = {isa = PBXBuildFile; fileRef = 841A639C2C63FE2F00ECB1F3 /* Icons.xcassets */; };
		841A63A02C63FE2F00ECB1F3 /* Base in Resources */ = {isa = PBXBuildFile; fileRef = 841A639F2C63FE2F00ECB1F3 /* Base */; };
		841A63AE2C63FF6800ECB1F3 /* Coordinator.swift in Sources */ = {isa = PBXBuildFile; fileRef = 841A63AD2C63FF6800ECB1F3 /* Coordinator.swift */; };
		841A63B22C63FFB500ECB1F3 /* AppCoordinator.swift in Sources */ = {isa = PBXBuildFile; fileRef = 841A63B12C63FFB500ECB1F3 /* AppCoordinator.swift */; };
		841A63B52C64000400ECB1F3 /* GoodsCatalogCoordinator.swift in Sources */ = {isa = PBXBuildFile; fileRef = 841A63B42C64000400ECB1F3 /* GoodsCatalogCoordinator.swift */; };
		841A63B72C64002E00ECB1F3 /* GoodsCatalogView.swift in Sources */ = {isa = PBXBuildFile; fileRef = 841A63B62C64002E00ECB1F3 /* GoodsCatalogView.swift */; };
		841A63BA2C64004600ECB1F3 /* GoodsCatalogViewModel.swift in Sources */ = {isa = PBXBuildFile; fileRef = 841A63B92C64004600ECB1F3 /* GoodsCatalogViewModel.swift */; };
		841A63BC2C64024100ECB1F3 /* Colors.xcassets in Resources */ = {isa = PBXBuildFile; fileRef = 841A63BB2C64024100ECB1F3 /* Colors.xcassets */; };
		841A63BF2C64026B00ECB1F3 /* AppColors.swift in Sources */ = {isa = PBXBuildFile; fileRef = 841A63BE2C64026B00ECB1F3 /* AppColors.swift */; };
		841A63C12C64041200ECB1F3 /* BaseNavigationBar.swift in Sources */ = {isa = PBXBuildFile; fileRef = 841A63C02C64041200ECB1F3 /* BaseNavigationBar.swift */; };
		841A63C32C64044E00ECB1F3 /* Images.xcassets in Resources */ = {isa = PBXBuildFile; fileRef = 841A63C22C64044E00ECB1F3 /* Images.xcassets */; };
		841A63C52C6404B000ECB1F3 /* AppImages.swift in Sources */ = {isa = PBXBuildFile; fileRef = 841A63C42C6404B000ECB1F3 /* AppImages.swift */; };
		841A63C72C6404D200ECB1F3 /* AppIcons.swift in Sources */ = {isa = PBXBuildFile; fileRef = 841A63C62C6404D200ECB1F3 /* AppIcons.swift */; };
		841A63C92C64056700ECB1F3 /* AppFonts.swift in Sources */ = {isa = PBXBuildFile; fileRef = 841A63C82C64056700ECB1F3 /* AppFonts.swift */; };
		841A63CC2C6409A900ECB1F3 /* GoodsCatalogMode.swift in Sources */ = {isa = PBXBuildFile; fileRef = 841A63CB2C6409A900ECB1F3 /* GoodsCatalogMode.swift */; };
		841A63CF2C64931600ECB1F3 /* GoodGridCardView.swift in Sources */ = {isa = PBXBuildFile; fileRef = 841A63CE2C64931600ECB1F3 /* GoodGridCardView.swift */; };
		841A63D12C64933A00ECB1F3 /* GoodModel.swift in Sources */ = {isa = PBXBuildFile; fileRef = 841A63D02C64933A00ECB1F3 /* GoodModel.swift */; };
		841A63D52C6494B700ECB1F3 /* GoodQuantityType.swift in Sources */ = {isa = PBXBuildFile; fileRef = 841A63D42C6494B700ECB1F3 /* GoodQuantityType.swift */; };
		841A63D72C64965100ECB1F3 /* GoodBadgeType.swift in Sources */ = {isa = PBXBuildFile; fileRef = 841A63D62C64965100ECB1F3 /* GoodBadgeType.swift */; };
		841A63D92C6499C500ECB1F3 /* GoodActionListView.swift in Sources */ = {isa = PBXBuildFile; fileRef = 841A63D82C6499C500ECB1F3 /* GoodActionListView.swift */; };
		841A63DB2C64A6A800ECB1F3 /* SafeAreaInsets.swift in Sources */ = {isa = PBXBuildFile; fileRef = 841A63DA2C64A6A800ECB1F3 /* SafeAreaInsets.swift */; };
		841A63DD2C64A7C200ECB1F3 /* ScreenSize.swift in Sources */ = {isa = PBXBuildFile; fileRef = 841A63DC2C64A7C200ECB1F3 /* ScreenSize.swift */; };
		841A63DF2C64AF5700ECB1F3 /* CartButtonView.swift in Sources */ = {isa = PBXBuildFile; fileRef = 841A63DE2C64AF5700ECB1F3 /* CartButtonView.swift */; };
		841A63E42C64D24800ECB1F3 /* MeasurementUnitType.swift in Sources */ = {isa = PBXBuildFile; fileRef = 841A63E32C64D24800ECB1F3 /* MeasurementUnitType.swift */; };
		841A63E62C6506A900ECB1F3 /* GoodListCardView.swift in Sources */ = {isa = PBXBuildFile; fileRef = 841A63E52C6506A900ECB1F3 /* GoodListCardView.swift */; };
		841A63EA2C65384800ECB1F3 /* CartItem.swift in Sources */ = {isa = PBXBuildFile; fileRef = 841A63E92C65384800ECB1F3 /* CartItem.swift */; };
		841A63EC2C65390400ECB1F3 /* CartStoreServiceProtocol.swift in Sources */ = {isa = PBXBuildFile; fileRef = 841A63EB2C65390300ECB1F3 /* CartStoreServiceProtocol.swift */; };
		841A63EE2C65398E00ECB1F3 /* CartStoreServiceError.swift in Sources */ = {isa = PBXBuildFile; fileRef = 841A63ED2C65398E00ECB1F3 /* CartStoreServiceError.swift */; };
		841A63F02C653A3500ECB1F3 /* CartStoreService.swift in Sources */ = {isa = PBXBuildFile; fileRef = 841A63EF2C653A3500ECB1F3 /* CartStoreService.swift */; };
		841A63F32C653BD600ECB1F3 /* AppDependency.swift in Sources */ = {isa = PBXBuildFile; fileRef = 841A63F22C653BD600ECB1F3 /* AppDependency.swift */; };
		841A63F62C65416500ECB1F3 /* Optional+extra.swift in Sources */ = {isa = PBXBuildFile; fileRef = 841A63F52C65416500ECB1F3 /* Optional+extra.swift */; };
		841A63F92C654E6500ECB1F3 /* ViewDidLoadModifier.swift in Sources */ = {isa = PBXBuildFile; fileRef = 841A63F82C654E6500ECB1F3 /* ViewDidLoadModifier.swift */; };
		841A63FB2C654EC000ECB1F3 /* GoodListCartModel.swift in Sources */ = {isa = PBXBuildFile; fileRef = 841A63FA2C654EC000ECB1F3 /* GoodListCartModel.swift */; };
/* End PBXBuildFile section */

/* Begin PBXFileReference section */
		841A638D2C63FE2B00ECB1F3 /* spar-intern-ios.app */ = {isa = PBXFileReference; explicitFileType = wrapper.application; includeInIndex = 0; path = "spar-intern-ios.app"; sourceTree = BUILT_PRODUCTS_DIR; };
		841A63902C63FE2B00ECB1F3 /* AppDelegate.swift */ = {isa = PBXFileReference; lastKnownFileType = sourcecode.swift; path = AppDelegate.swift; sourceTree = "<group>"; };
		841A63922C63FE2B00ECB1F3 /* SceneDelegate.swift */ = {isa = PBXFileReference; lastKnownFileType = sourcecode.swift; path = SceneDelegate.swift; sourceTree = "<group>"; };
		841A639A2C63FE2B00ECB1F3 /* spar_intern_ios.xcdatamodel */ = {isa = PBXFileReference; lastKnownFileType = wrapper.xcdatamodel; path = spar_intern_ios.xcdatamodel; sourceTree = "<group>"; };
		841A639C2C63FE2F00ECB1F3 /* Icons.xcassets */ = {isa = PBXFileReference; lastKnownFileType = folder.assetcatalog; path = Icons.xcassets; sourceTree = "<group>"; };
		841A639F2C63FE2F00ECB1F3 /* Base */ = {isa = PBXFileReference; lastKnownFileType = file.storyboard; name = Base; path = Base.lproj/LaunchScreen.storyboard; sourceTree = "<group>"; };
		841A63A12C63FE2F00ECB1F3 /* Info.plist */ = {isa = PBXFileReference; lastKnownFileType = text.plist.xml; path = Info.plist; sourceTree = "<group>"; };
		841A63AD2C63FF6800ECB1F3 /* Coordinator.swift */ = {isa = PBXFileReference; lastKnownFileType = sourcecode.swift; path = Coordinator.swift; sourceTree = "<group>"; };
		841A63B12C63FFB500ECB1F3 /* AppCoordinator.swift */ = {isa = PBXFileReference; lastKnownFileType = sourcecode.swift; path = AppCoordinator.swift; sourceTree = "<group>"; };
		841A63B42C64000400ECB1F3 /* GoodsCatalogCoordinator.swift */ = {isa = PBXFileReference; lastKnownFileType = sourcecode.swift; path = GoodsCatalogCoordinator.swift; sourceTree = "<group>"; };
		841A63B62C64002E00ECB1F3 /* GoodsCatalogView.swift */ = {isa = PBXFileReference; lastKnownFileType = sourcecode.swift; path = GoodsCatalogView.swift; sourceTree = "<group>"; };
		841A63B92C64004600ECB1F3 /* GoodsCatalogViewModel.swift */ = {isa = PBXFileReference; lastKnownFileType = sourcecode.swift; path = GoodsCatalogViewModel.swift; sourceTree = "<group>"; };
		841A63BB2C64024100ECB1F3 /* Colors.xcassets */ = {isa = PBXFileReference; lastKnownFileType = folder.assetcatalog; path = Colors.xcassets; sourceTree = "<group>"; };
		841A63BE2C64026B00ECB1F3 /* AppColors.swift */ = {isa = PBXFileReference; lastKnownFileType = sourcecode.swift; path = AppColors.swift; sourceTree = "<group>"; };
		841A63C02C64041200ECB1F3 /* BaseNavigationBar.swift */ = {isa = PBXFileReference; lastKnownFileType = sourcecode.swift; path = BaseNavigationBar.swift; sourceTree = "<group>"; };
		841A63C22C64044E00ECB1F3 /* Images.xcassets */ = {isa = PBXFileReference; lastKnownFileType = folder.assetcatalog; path = Images.xcassets; sourceTree = "<group>"; };
		841A63C42C6404B000ECB1F3 /* AppImages.swift */ = {isa = PBXFileReference; lastKnownFileType = sourcecode.swift; path = AppImages.swift; sourceTree = "<group>"; };
		841A63C62C6404D200ECB1F3 /* AppIcons.swift */ = {isa = PBXFileReference; lastKnownFileType = sourcecode.swift; path = AppIcons.swift; sourceTree = "<group>"; };
		841A63C82C64056700ECB1F3 /* AppFonts.swift */ = {isa = PBXFileReference; lastKnownFileType = sourcecode.swift; path = AppFonts.swift; sourceTree = "<group>"; };
		841A63CB2C6409A900ECB1F3 /* GoodsCatalogMode.swift */ = {isa = PBXFileReference; lastKnownFileType = sourcecode.swift; path = GoodsCatalogMode.swift; sourceTree = "<group>"; };
		841A63CE2C64931600ECB1F3 /* GoodGridCardView.swift */ = {isa = PBXFileReference; lastKnownFileType = sourcecode.swift; path = GoodGridCardView.swift; sourceTree = "<group>"; };
		841A63D02C64933A00ECB1F3 /* GoodModel.swift */ = {isa = PBXFileReference; lastKnownFileType = sourcecode.swift; path = GoodModel.swift; sourceTree = "<group>"; };
		841A63D42C6494B700ECB1F3 /* GoodQuantityType.swift */ = {isa = PBXFileReference; lastKnownFileType = sourcecode.swift; path = GoodQuantityType.swift; sourceTree = "<group>"; };
		841A63D62C64965100ECB1F3 /* GoodBadgeType.swift */ = {isa = PBXFileReference; lastKnownFileType = sourcecode.swift; path = GoodBadgeType.swift; sourceTree = "<group>"; };
		841A63D82C6499C500ECB1F3 /* GoodActionListView.swift */ = {isa = PBXFileReference; lastKnownFileType = sourcecode.swift; path = GoodActionListView.swift; sourceTree = "<group>"; };
		841A63DA2C64A6A800ECB1F3 /* SafeAreaInsets.swift */ = {isa = PBXFileReference; lastKnownFileType = sourcecode.swift; path = SafeAreaInsets.swift; sourceTree = "<group>"; };
		841A63DC2C64A7C200ECB1F3 /* ScreenSize.swift */ = {isa = PBXFileReference; lastKnownFileType = sourcecode.swift; path = ScreenSize.swift; sourceTree = "<group>"; };
		841A63DE2C64AF5700ECB1F3 /* CartButtonView.swift */ = {isa = PBXFileReference; lastKnownFileType = sourcecode.swift; path = CartButtonView.swift; sourceTree = "<group>"; };
		841A63E32C64D24800ECB1F3 /* MeasurementUnitType.swift */ = {isa = PBXFileReference; lastKnownFileType = sourcecode.swift; path = MeasurementUnitType.swift; sourceTree = "<group>"; };
		841A63E52C6506A900ECB1F3 /* GoodListCardView.swift */ = {isa = PBXFileReference; lastKnownFileType = sourcecode.swift; path = GoodListCardView.swift; sourceTree = "<group>"; };
		841A63E92C65384800ECB1F3 /* CartItem.swift */ = {isa = PBXFileReference; lastKnownFileType = sourcecode.swift; path = CartItem.swift; sourceTree = "<group>"; };
		841A63EB2C65390300ECB1F3 /* CartStoreServiceProtocol.swift */ = {isa = PBXFileReference; lastKnownFileType = sourcecode.swift; path = CartStoreServiceProtocol.swift; sourceTree = "<group>"; };
		841A63ED2C65398E00ECB1F3 /* CartStoreServiceError.swift */ = {isa = PBXFileReference; lastKnownFileType = sourcecode.swift; path = CartStoreServiceError.swift; sourceTree = "<group>"; };
		841A63EF2C653A3500ECB1F3 /* CartStoreService.swift */ = {isa = PBXFileReference; lastKnownFileType = sourcecode.swift; path = CartStoreService.swift; sourceTree = "<group>"; };
		841A63F22C653BD600ECB1F3 /* AppDependency.swift */ = {isa = PBXFileReference; lastKnownFileType = sourcecode.swift; path = AppDependency.swift; sourceTree = "<group>"; };
		841A63F52C65416500ECB1F3 /* Optional+extra.swift */ = {isa = PBXFileReference; lastKnownFileType = sourcecode.swift; path = "Optional+extra.swift"; sourceTree = "<group>"; };
		841A63F82C654E6500ECB1F3 /* ViewDidLoadModifier.swift */ = {isa = PBXFileReference; lastKnownFileType = sourcecode.swift; path = ViewDidLoadModifier.swift; sourceTree = "<group>"; };
		841A63FA2C654EC000ECB1F3 /* GoodListCartModel.swift */ = {isa = PBXFileReference; lastKnownFileType = sourcecode.swift; path = GoodListCartModel.swift; sourceTree = "<group>"; };
/* End PBXFileReference section */

/* Begin PBXFrameworksBuildPhase section */
		841A638A2C63FE2B00ECB1F3 /* Frameworks */ = {
			isa = PBXFrameworksBuildPhase;
			buildActionMask = 2147483647;
			files = (
			);
			runOnlyForDeploymentPostprocessing = 0;
		};
/* End PBXFrameworksBuildPhase section */

/* Begin PBXGroup section */
		841A63842C63FE2B00ECB1F3 = {
			isa = PBXGroup;
			children = (
				841A638F2C63FE2B00ECB1F3 /* spar-intern-ios */,
				841A638E2C63FE2B00ECB1F3 /* Products */,
			);
			sourceTree = "<group>";
		};
		841A638E2C63FE2B00ECB1F3 /* Products */ = {
			isa = PBXGroup;
			children = (
				841A638D2C63FE2B00ECB1F3 /* spar-intern-ios.app */,
			);
			name = Products;
			sourceTree = "<group>";
		};
		841A638F2C63FE2B00ECB1F3 /* spar-intern-ios */ = {
			isa = PBXGroup;
			children = (
				841A63A72C63FEA300ECB1F3 /* Resources */,
				841A63AA2C63FEF800ECB1F3 /* Sources */,
				841A63AF2C63FF7A00ECB1F3 /* Scenes */,
				841A63A92C63FEDE00ECB1F3 /* Supporting Files */,
				841A63992C63FE2B00ECB1F3 /* spar_intern_ios.xcdatamodeld */,
			);
			path = "spar-intern-ios";
			sourceTree = "<group>";
		};
		841A63A72C63FEA300ECB1F3 /* Resources */ = {
			isa = PBXGroup;
			children = (
				841A63BD2C64026300ECB1F3 /* Enums */,
				841A63A82C63FECB00ECB1F3 /* Assets */,
			);
			path = Resources;
			sourceTree = "<group>";
		};
		841A63A82C63FECB00ECB1F3 /* Assets */ = {
			isa = PBXGroup;
			children = (
				841A639C2C63FE2F00ECB1F3 /* Icons.xcassets */,
				841A63C22C64044E00ECB1F3 /* Images.xcassets */,
				841A63BB2C64024100ECB1F3 /* Colors.xcassets */,
			);
			path = Assets;
			sourceTree = "<group>";
		};
		841A63A92C63FEDE00ECB1F3 /* Supporting Files */ = {
			isa = PBXGroup;
			children = (
				841A63A12C63FE2F00ECB1F3 /* Info.plist */,
			);
			path = "Supporting Files";
			sourceTree = "<group>";
		};
		841A63AA2C63FEF800ECB1F3 /* Sources */ = {
			isa = PBXGroup;
			children = (
				841A63F72C654E4F00ECB1F3 /* ViewModifiers */,
				841A63F42C65414B00ECB1F3 /* Extensions */,
				841A63F12C653BCD00ECB1F3 /* Utils */,
				841A63E72C6537F100ECB1F3 /* Services */,
				841A63AB2C63FF0D00ECB1F3 /* Application */,
				841A63AC2C63FF5800ECB1F3 /* Base */,
			);
			path = Sources;
			sourceTree = "<group>";
		};
		841A63AB2C63FF0D00ECB1F3 /* Application */ = {
			isa = PBXGroup;
			children = (
				841A63922C63FE2B00ECB1F3 /* SceneDelegate.swift */,
				841A63902C63FE2B00ECB1F3 /* AppDelegate.swift */,
				841A639E2C63FE2F00ECB1F3 /* LaunchScreen.storyboard */,
			);
			path = Application;
			sourceTree = "<group>";
		};
		841A63AC2C63FF5800ECB1F3 /* Base */ = {
			isa = PBXGroup;
			children = (
				841A63AD2C63FF6800ECB1F3 /* Coordinator.swift */,
				841A63C02C64041200ECB1F3 /* BaseNavigationBar.swift */,
				841A63DA2C64A6A800ECB1F3 /* SafeAreaInsets.swift */,
				841A63DC2C64A7C200ECB1F3 /* ScreenSize.swift */,
			);
			path = Base;
			sourceTree = "<group>";
		};
		841A63AF2C63FF7A00ECB1F3 /* Scenes */ = {
			isa = PBXGroup;
			children = (
				841A63B02C63FF8400ECB1F3 /* App */,
				841A63B32C63FFEA00ECB1F3 /* GoodsCatalog */,
			);
			path = Scenes;
			sourceTree = "<group>";
		};
		841A63B02C63FF8400ECB1F3 /* App */ = {
			isa = PBXGroup;
			children = (
				841A63B12C63FFB500ECB1F3 /* AppCoordinator.swift */,
			);
			path = App;
			sourceTree = "<group>";
		};
		841A63B32C63FFEA00ECB1F3 /* GoodsCatalog */ = {
			isa = PBXGroup;
			children = (
				841A63CA2C64099D00ECB1F3 /* Model */,
				841A63CD2C6492FD00ECB1F3 /* Views */,
				841A63B82C64003400ECB1F3 /* ViewModel */,
				841A63B62C64002E00ECB1F3 /* GoodsCatalogView.swift */,
				841A63B42C64000400ECB1F3 /* GoodsCatalogCoordinator.swift */,
			);
			path = GoodsCatalog;
			sourceTree = "<group>";
		};
		841A63B82C64003400ECB1F3 /* ViewModel */ = {
			isa = PBXGroup;
			children = (
				841A63B92C64004600ECB1F3 /* GoodsCatalogViewModel.swift */,
			);
			name = ViewModel;
			path = "New Group";
			sourceTree = "<group>";
		};
		841A63BD2C64026300ECB1F3 /* Enums */ = {
			isa = PBXGroup;
			children = (
				841A63C42C6404B000ECB1F3 /* AppImages.swift */,
				841A63BE2C64026B00ECB1F3 /* AppColors.swift */,
				841A63C62C6404D200ECB1F3 /* AppIcons.swift */,
				841A63C82C64056700ECB1F3 /* AppFonts.swift */,
			);
			path = Enums;
			sourceTree = "<group>";
		};
		841A63CA2C64099D00ECB1F3 /* Model */ = {
			isa = PBXGroup;
			children = (
				841A63CB2C6409A900ECB1F3 /* GoodsCatalogMode.swift */,
				841A63D02C64933A00ECB1F3 /* GoodModel.swift */,
				841A63D42C6494B700ECB1F3 /* GoodQuantityType.swift */,
				841A63D62C64965100ECB1F3 /* GoodBadgeType.swift */,
				841A63E32C64D24800ECB1F3 /* MeasurementUnitType.swift */,
				841A63FA2C654EC000ECB1F3 /* GoodListCartModel.swift */,
			);
			path = Model;
			sourceTree = "<group>";
		};
		841A63CD2C6492FD00ECB1F3 /* Views */ = {
			isa = PBXGroup;
			children = (
				841A63CE2C64931600ECB1F3 /* GoodGridCardView.swift */,
				841A63D82C6499C500ECB1F3 /* GoodActionListView.swift */,
				841A63DE2C64AF5700ECB1F3 /* CartButtonView.swift */,
				841A63E52C6506A900ECB1F3 /* GoodListCardView.swift */,
			);
			path = Views;
			sourceTree = "<group>";
		};
		841A63E72C6537F100ECB1F3 /* Services */ = {
			isa = PBXGroup;
			children = (
				841A63E82C65380000ECB1F3 /* CartStore */,
			);
			path = Services;
			sourceTree = "<group>";
		};
		841A63E82C65380000ECB1F3 /* CartStore */ = {
			isa = PBXGroup;
			children = (
				841A63E92C65384800ECB1F3 /* CartItem.swift */,
				841A63EB2C65390300ECB1F3 /* CartStoreServiceProtocol.swift */,
				841A63ED2C65398E00ECB1F3 /* CartStoreServiceError.swift */,
				841A63EF2C653A3500ECB1F3 /* CartStoreService.swift */,
			);
			path = CartStore;
			sourceTree = "<group>";
		};
		841A63F12C653BCD00ECB1F3 /* Utils */ = {
			isa = PBXGroup;
			children = (
				841A63F22C653BD600ECB1F3 /* AppDependency.swift */,
			);
			path = Utils;
			sourceTree = "<group>";
		};
		841A63F42C65414B00ECB1F3 /* Extensions */ = {
			isa = PBXGroup;
			children = (
				841A63F52C65416500ECB1F3 /* Optional+extra.swift */,
			);
			path = Extensions;
			sourceTree = "<group>";
		};
		841A63F72C654E4F00ECB1F3 /* ViewModifiers */ = {
			isa = PBXGroup;
			children = (
				841A63F82C654E6500ECB1F3 /* ViewDidLoadModifier.swift */,
			);
			path = ViewModifiers;
			sourceTree = "<group>";
		};
/* End PBXGroup section */

/* Begin PBXNativeTarget section */
		841A638C2C63FE2B00ECB1F3 /* spar-intern-ios */ = {
			isa = PBXNativeTarget;
			buildConfigurationList = 841A63A42C63FE2F00ECB1F3 /* Build configuration list for PBXNativeTarget "spar-intern-ios" */;
			buildPhases = (
				841A63892C63FE2B00ECB1F3 /* Sources */,
				841A638A2C63FE2B00ECB1F3 /* Frameworks */,
				841A638B2C63FE2B00ECB1F3 /* Resources */,
			);
			buildRules = (
			);
			dependencies = (
			);
			name = "spar-intern-ios";
			productName = "spar-intern-ios";
			productReference = 841A638D2C63FE2B00ECB1F3 /* spar-intern-ios.app */;
			productType = "com.apple.product-type.application";
		};
/* End PBXNativeTarget section */

/* Begin PBXProject section */
		841A63852C63FE2B00ECB1F3 /* Project object */ = {
			isa = PBXProject;
			attributes = {
				BuildIndependentTargetsInParallel = 1;
				LastSwiftUpdateCheck = 1540;
				LastUpgradeCheck = 1540;
				TargetAttributes = {
					841A638C2C63FE2B00ECB1F3 = {
						CreatedOnToolsVersion = 15.4;
					};
				};
			};
			buildConfigurationList = 841A63882C63FE2B00ECB1F3 /* Build configuration list for PBXProject "spar-intern-ios" */;
			compatibilityVersion = "Xcode 14.0";
			developmentRegion = en;
			hasScannedForEncodings = 0;
			knownRegions = (
				en,
				Base,
			);
			mainGroup = 841A63842C63FE2B00ECB1F3;
			productRefGroup = 841A638E2C63FE2B00ECB1F3 /* Products */;
			projectDirPath = "";
			projectRoot = "";
			targets = (
				841A638C2C63FE2B00ECB1F3 /* spar-intern-ios */,
			);
		};
/* End PBXProject section */

/* Begin PBXResourcesBuildPhase section */
		841A638B2C63FE2B00ECB1F3 /* Resources */ = {
			isa = PBXResourcesBuildPhase;
			buildActionMask = 2147483647;
			files = (
				841A63BC2C64024100ECB1F3 /* Colors.xcassets in Resources */,
				841A63C32C64044E00ECB1F3 /* Images.xcassets in Resources */,
				841A639D2C63FE2F00ECB1F3 /* Icons.xcassets in Resources */,
				841A63A02C63FE2F00ECB1F3 /* Base in Resources */,
			);
			runOnlyForDeploymentPostprocessing = 0;
		};
/* End PBXResourcesBuildPhase section */

/* Begin PBXSourcesBuildPhase section */
		841A63892C63FE2B00ECB1F3 /* Sources */ = {
			isa = PBXSourcesBuildPhase;
			buildActionMask = 2147483647;
			files = (
				841A63E42C64D24800ECB1F3 /* MeasurementUnitType.swift in Sources */,
				841A63D72C64965100ECB1F3 /* GoodBadgeType.swift in Sources */,
				841A63BF2C64026B00ECB1F3 /* AppColors.swift in Sources */,
				841A63EC2C65390400ECB1F3 /* CartStoreServiceProtocol.swift in Sources */,
				841A63CC2C6409A900ECB1F3 /* GoodsCatalogMode.swift in Sources */,
				841A63F02C653A3500ECB1F3 /* CartStoreService.swift in Sources */,
				841A63AE2C63FF6800ECB1F3 /* Coordinator.swift in Sources */,
				841A63BA2C64004600ECB1F3 /* GoodsCatalogViewModel.swift in Sources */,
				841A63D12C64933A00ECB1F3 /* GoodModel.swift in Sources */,
				841A63DF2C64AF5700ECB1F3 /* CartButtonView.swift in Sources */,
				841A63EA2C65384800ECB1F3 /* CartItem.swift in Sources */,
				841A63912C63FE2B00ECB1F3 /* AppDelegate.swift in Sources */,
				841A63F92C654E6500ECB1F3 /* ViewDidLoadModifier.swift in Sources */,
				841A63C52C6404B000ECB1F3 /* AppImages.swift in Sources */,
				841A63B72C64002E00ECB1F3 /* GoodsCatalogView.swift in Sources */,
				841A63F62C65416500ECB1F3 /* Optional+extra.swift in Sources */,
				841A63E62C6506A900ECB1F3 /* GoodListCardView.swift in Sources */,
				841A63CF2C64931600ECB1F3 /* GoodGridCardView.swift in Sources */,
				841A63FB2C654EC000ECB1F3 /* GoodListCartModel.swift in Sources */,
				841A63B22C63FFB500ECB1F3 /* AppCoordinator.swift in Sources */,
				841A63D92C6499C500ECB1F3 /* GoodActionListView.swift in Sources */,
				841A63F32C653BD600ECB1F3 /* AppDependency.swift in Sources */,
				841A63B52C64000400ECB1F3 /* GoodsCatalogCoordinator.swift in Sources */,
				841A63DB2C64A6A800ECB1F3 /* SafeAreaInsets.swift in Sources */,
				841A63932C63FE2B00ECB1F3 /* SceneDelegate.swift in Sources */,
				841A63C92C64056700ECB1F3 /* AppFonts.swift in Sources */,
				841A63EE2C65398E00ECB1F3 /* CartStoreServiceError.swift in Sources */,
				841A63C12C64041200ECB1F3 /* BaseNavigationBar.swift in Sources */,
				841A63C72C6404D200ECB1F3 /* AppIcons.swift in Sources */,
				841A63DD2C64A7C200ECB1F3 /* ScreenSize.swift in Sources */,
				841A63D52C6494B700ECB1F3 /* GoodQuantityType.swift in Sources */,
				841A639B2C63FE2B00ECB1F3 /* spar_intern_ios.xcdatamodeld in Sources */,
			);
			runOnlyForDeploymentPostprocessing = 0;
		};
/* End PBXSourcesBuildPhase section */

/* Begin PBXVariantGroup section */
		841A639E2C63FE2F00ECB1F3 /* LaunchScreen.storyboard */ = {
			isa = PBXVariantGroup;
			children = (
				841A639F2C63FE2F00ECB1F3 /* Base */,
			);
			name = LaunchScreen.storyboard;
			sourceTree = "<group>";
		};
/* End PBXVariantGroup section */

/* Begin XCBuildConfiguration section */
		841A63A22C63FE2F00ECB1F3 /* Debug */ = {
			isa = XCBuildConfiguration;
			buildSettings = {
				ALWAYS_SEARCH_USER_PATHS = NO;
				ASSETCATALOG_COMPILER_GENERATE_SWIFT_ASSET_SYMBOL_EXTENSIONS = YES;
				CLANG_ANALYZER_NONNULL = YES;
				CLANG_ANALYZER_NUMBER_OBJECT_CONVERSION = YES_AGGRESSIVE;
				CLANG_CXX_LANGUAGE_STANDARD = "gnu++20";
				CLANG_ENABLE_MODULES = YES;
				CLANG_ENABLE_OBJC_ARC = YES;
				CLANG_ENABLE_OBJC_WEAK = YES;
				CLANG_WARN_BLOCK_CAPTURE_AUTORELEASING = YES;
				CLANG_WARN_BOOL_CONVERSION = YES;
				CLANG_WARN_COMMA = YES;
				CLANG_WARN_CONSTANT_CONVERSION = YES;
				CLANG_WARN_DEPRECATED_OBJC_IMPLEMENTATIONS = YES;
				CLANG_WARN_DIRECT_OBJC_ISA_USAGE = YES_ERROR;
				CLANG_WARN_DOCUMENTATION_COMMENTS = YES;
				CLANG_WARN_EMPTY_BODY = YES;
				CLANG_WARN_ENUM_CONVERSION = YES;
				CLANG_WARN_INFINITE_RECURSION = YES;
				CLANG_WARN_INT_CONVERSION = YES;
				CLANG_WARN_NON_LITERAL_NULL_CONVERSION = YES;
				CLANG_WARN_OBJC_IMPLICIT_RETAIN_SELF = YES;
				CLANG_WARN_OBJC_LITERAL_CONVERSION = YES;
				CLANG_WARN_OBJC_ROOT_CLASS = YES_ERROR;
				CLANG_WARN_QUOTED_INCLUDE_IN_FRAMEWORK_HEADER = YES;
				CLANG_WARN_RANGE_LOOP_ANALYSIS = YES;
				CLANG_WARN_STRICT_PROTOTYPES = YES;
				CLANG_WARN_SUSPICIOUS_MOVE = YES;
				CLANG_WARN_UNGUARDED_AVAILABILITY = YES_AGGRESSIVE;
				CLANG_WARN_UNREACHABLE_CODE = YES;
				CLANG_WARN__DUPLICATE_METHOD_MATCH = YES;
				COPY_PHASE_STRIP = NO;
				DEBUG_INFORMATION_FORMAT = dwarf;
				ENABLE_STRICT_OBJC_MSGSEND = YES;
				ENABLE_TESTABILITY = YES;
				ENABLE_USER_SCRIPT_SANDBOXING = YES;
				GCC_C_LANGUAGE_STANDARD = gnu17;
				GCC_DYNAMIC_NO_PIC = NO;
				GCC_NO_COMMON_BLOCKS = YES;
				GCC_OPTIMIZATION_LEVEL = 0;
				GCC_PREPROCESSOR_DEFINITIONS = (
					"DEBUG=1",
					"$(inherited)",
				);
				GCC_WARN_64_TO_32_BIT_CONVERSION = YES;
				GCC_WARN_ABOUT_RETURN_TYPE = YES_ERROR;
				GCC_WARN_UNDECLARED_SELECTOR = YES;
				GCC_WARN_UNINITIALIZED_AUTOS = YES_AGGRESSIVE;
				GCC_WARN_UNUSED_FUNCTION = YES;
				GCC_WARN_UNUSED_VARIABLE = YES;
				IPHONEOS_DEPLOYMENT_TARGET = 17.5;
				LOCALIZATION_PREFERS_STRING_CATALOGS = YES;
				MTL_ENABLE_DEBUG_INFO = INCLUDE_SOURCE;
				MTL_FAST_MATH = YES;
				ONLY_ACTIVE_ARCH = YES;
				SDKROOT = iphoneos;
				SWIFT_ACTIVE_COMPILATION_CONDITIONS = "DEBUG $(inherited)";
				SWIFT_OPTIMIZATION_LEVEL = "-Onone";
			};
			name = Debug;
		};
		841A63A32C63FE2F00ECB1F3 /* Release */ = {
			isa = XCBuildConfiguration;
			buildSettings = {
				ALWAYS_SEARCH_USER_PATHS = NO;
				ASSETCATALOG_COMPILER_GENERATE_SWIFT_ASSET_SYMBOL_EXTENSIONS = YES;
				CLANG_ANALYZER_NONNULL = YES;
				CLANG_ANALYZER_NUMBER_OBJECT_CONVERSION = YES_AGGRESSIVE;
				CLANG_CXX_LANGUAGE_STANDARD = "gnu++20";
				CLANG_ENABLE_MODULES = YES;
				CLANG_ENABLE_OBJC_ARC = YES;
				CLANG_ENABLE_OBJC_WEAK = YES;
				CLANG_WARN_BLOCK_CAPTURE_AUTORELEASING = YES;
				CLANG_WARN_BOOL_CONVERSION = YES;
				CLANG_WARN_COMMA = YES;
				CLANG_WARN_CONSTANT_CONVERSION = YES;
				CLANG_WARN_DEPRECATED_OBJC_IMPLEMENTATIONS = YES;
				CLANG_WARN_DIRECT_OBJC_ISA_USAGE = YES_ERROR;
				CLANG_WARN_DOCUMENTATION_COMMENTS = YES;
				CLANG_WARN_EMPTY_BODY = YES;
				CLANG_WARN_ENUM_CONVERSION = YES;
				CLANG_WARN_INFINITE_RECURSION = YES;
				CLANG_WARN_INT_CONVERSION = YES;
				CLANG_WARN_NON_LITERAL_NULL_CONVERSION = YES;
				CLANG_WARN_OBJC_IMPLICIT_RETAIN_SELF = YES;
				CLANG_WARN_OBJC_LITERAL_CONVERSION = YES;
				CLANG_WARN_OBJC_ROOT_CLASS = YES_ERROR;
				CLANG_WARN_QUOTED_INCLUDE_IN_FRAMEWORK_HEADER = YES;
				CLANG_WARN_RANGE_LOOP_ANALYSIS = YES;
				CLANG_WARN_STRICT_PROTOTYPES = YES;
				CLANG_WARN_SUSPICIOUS_MOVE = YES;
				CLANG_WARN_UNGUARDED_AVAILABILITY = YES_AGGRESSIVE;
				CLANG_WARN_UNREACHABLE_CODE = YES;
				CLANG_WARN__DUPLICATE_METHOD_MATCH = YES;
				COPY_PHASE_STRIP = NO;
				DEBUG_INFORMATION_FORMAT = "dwarf-with-dsym";
				ENABLE_NS_ASSERTIONS = NO;
				ENABLE_STRICT_OBJC_MSGSEND = YES;
				ENABLE_USER_SCRIPT_SANDBOXING = YES;
				GCC_C_LANGUAGE_STANDARD = gnu17;
				GCC_NO_COMMON_BLOCKS = YES;
				GCC_WARN_64_TO_32_BIT_CONVERSION = YES;
				GCC_WARN_ABOUT_RETURN_TYPE = YES_ERROR;
				GCC_WARN_UNDECLARED_SELECTOR = YES;
				GCC_WARN_UNINITIALIZED_AUTOS = YES_AGGRESSIVE;
				GCC_WARN_UNUSED_FUNCTION = YES;
				GCC_WARN_UNUSED_VARIABLE = YES;
				IPHONEOS_DEPLOYMENT_TARGET = 17.5;
				LOCALIZATION_PREFERS_STRING_CATALOGS = YES;
				MTL_ENABLE_DEBUG_INFO = NO;
				MTL_FAST_MATH = YES;
				SDKROOT = iphoneos;
				SWIFT_COMPILATION_MODE = wholemodule;
				VALIDATE_PRODUCT = YES;
			};
			name = Release;
		};
		841A63A52C63FE2F00ECB1F3 /* Debug */ = {
			isa = XCBuildConfiguration;
			buildSettings = {
				ASSETCATALOG_COMPILER_APPICON_NAME = AppIcon;
				ASSETCATALOG_COMPILER_GLOBAL_ACCENT_COLOR_NAME = AccentColor;
				CODE_SIGN_STYLE = Automatic;
				CURRENT_PROJECT_VERSION = 1;
				DEVELOPMENT_TEAM = H29F6RLPN8;
				GENERATE_INFOPLIST_FILE = YES;
				INFOPLIST_FILE = "spar-intern-ios/Supporting Files/Info.plist";
				INFOPLIST_KEY_UIApplicationSupportsIndirectInputEvents = YES;
				INFOPLIST_KEY_UILaunchStoryboardName = LaunchScreen;
				INFOPLIST_KEY_UISupportedInterfaceOrientations_iPad = "UIInterfaceOrientationPortrait UIInterfaceOrientationPortraitUpsideDown UIInterfaceOrientationLandscapeLeft UIInterfaceOrientationLandscapeRight";
				INFOPLIST_KEY_UISupportedInterfaceOrientations_iPhone = "UIInterfaceOrientationPortrait UIInterfaceOrientationLandscapeLeft UIInterfaceOrientationLandscapeRight";
				LD_RUNPATH_SEARCH_PATHS = (
					"$(inherited)",
					"@executable_path/Frameworks",
				);
				MARKETING_VERSION = 1.0;
				PRODUCT_BUNDLE_IDENTIFIER = "foolery.spar-intern-ios";
				PRODUCT_NAME = "$(TARGET_NAME)";
				SWIFT_EMIT_LOC_STRINGS = YES;
				SWIFT_VERSION = 5.0;
				TARGETED_DEVICE_FAMILY = "1,2";
			};
			name = Debug;
		};
		841A63A62C63FE2F00ECB1F3 /* Release */ = {
			isa = XCBuildConfiguration;
			buildSettings = {
				ASSETCATALOG_COMPILER_APPICON_NAME = AppIcon;
				ASSETCATALOG_COMPILER_GLOBAL_ACCENT_COLOR_NAME = AccentColor;
				CODE_SIGN_STYLE = Automatic;
				CURRENT_PROJECT_VERSION = 1;
				DEVELOPMENT_TEAM = H29F6RLPN8;
				GENERATE_INFOPLIST_FILE = YES;
				INFOPLIST_FILE = "spar-intern-ios/Supporting Files/Info.plist";
				INFOPLIST_KEY_UIApplicationSupportsIndirectInputEvents = YES;
				INFOPLIST_KEY_UILaunchStoryboardName = LaunchScreen;
				INFOPLIST_KEY_UISupportedInterfaceOrientations_iPad = "UIInterfaceOrientationPortrait UIInterfaceOrientationPortraitUpsideDown UIInterfaceOrientationLandscapeLeft UIInterfaceOrientationLandscapeRight";
				INFOPLIST_KEY_UISupportedInterfaceOrientations_iPhone = "UIInterfaceOrientationPortrait UIInterfaceOrientationLandscapeLeft UIInterfaceOrientationLandscapeRight";
				LD_RUNPATH_SEARCH_PATHS = (
					"$(inherited)",
					"@executable_path/Frameworks",
				);
				MARKETING_VERSION = 1.0;
				PRODUCT_BUNDLE_IDENTIFIER = "foolery.spar-intern-ios";
				PRODUCT_NAME = "$(TARGET_NAME)";
				SWIFT_EMIT_LOC_STRINGS = YES;
				SWIFT_VERSION = 5.0;
				TARGETED_DEVICE_FAMILY = "1,2";
			};
			name = Release;
		};
/* End XCBuildConfiguration section */

/* Begin XCConfigurationList section */
		841A63882C63FE2B00ECB1F3 /* Build configuration list for PBXProject "spar-intern-ios" */ = {
			isa = XCConfigurationList;
			buildConfigurations = (
				841A63A22C63FE2F00ECB1F3 /* Debug */,
				841A63A32C63FE2F00ECB1F3 /* Release */,
			);
			defaultConfigurationIsVisible = 0;
			defaultConfigurationName = Release;
		};
		841A63A42C63FE2F00ECB1F3 /* Build configuration list for PBXNativeTarget "spar-intern-ios" */ = {
			isa = XCConfigurationList;
			buildConfigurations = (
				841A63A52C63FE2F00ECB1F3 /* Debug */,
				841A63A62C63FE2F00ECB1F3 /* Release */,
			);
			defaultConfigurationIsVisible = 0;
			defaultConfigurationName = Release;
		};
/* End XCConfigurationList section */

/* Begin XCVersionGroup section */
		841A63992C63FE2B00ECB1F3 /* spar_intern_ios.xcdatamodeld */ = {
			isa = XCVersionGroup;
			children = (
				841A639A2C63FE2B00ECB1F3 /* spar_intern_ios.xcdatamodel */,
			);
			currentVersion = 841A639A2C63FE2B00ECB1F3 /* spar_intern_ios.xcdatamodel */;
			path = spar_intern_ios.xcdatamodeld;
			sourceTree = "<group>";
			versionGroupType = wrapper.xcdatamodel;
		};
/* End XCVersionGroup section */
	};
	rootObject = 841A63852C63FE2B00ECB1F3 /* Project object */;
}
